
Microsoft Visual Studio Solution File, Format Version 12.00
# Visual Studio Version 16
VisualStudioVersion = 16.0.30406.217
MinimumVisualStudioVersion = 10.0.40219.1
Project("{FAE04EC0-301F-11D3-BF4B-00C04F79EFBC}") = "MovieWithAuthenticationAug20", "MovieWithAuthenticationAug20\MovieWithAuthenticationAug20.csproj", "{9FF9F177-6A75-41FD-94A1-5DB268076A3C}"
EndProject
Global
	GlobalSection(SolutionConfigurationPlatforms) = preSolution
		Debug|Any CPU = Debug|Any CPU
		Release|Any CPU = Release|Any CPU
	EndGlobalSection
	GlobalSection(ProjectConfigurationPlatforms) = postSolution
		{9FF9F177-6A75-41FD-94A1-5DB268076A3C}.Debug|Any CPU.ActiveCfg = Debug|Any CPU
		{9FF9F177-6A75-41FD-94A1-5DB268076A3C}.Debug|Any CPU.Build.0 = Debug|Any CPU
		{9FF9F177-6A75-41FD-94A1-5DB268076A3C}.Release|Any CPU.ActiveCfg = Release|Any CPU
		{9FF9F177-6A75-41FD-94A1-5DB268076A3C}.Release|Any CPU.Build.0 = Release|Any CPU
	EndGlobalSection
	GlobalSection(SolutionProperties) = preSolution
		HideSolutionNode = FALSE
	EndGlobalSection
	GlobalSection(ExtensibilityGlobals) = postSolution
		SolutionGuid = {647EE06E-C09C-4BE0-9D57-2E2521F89019}
	EndGlobalSection
EndGlobal
